
Microsoft Visual Studio Solution File, Format Version 12.00
# Visual Studio Version 17
VisualStudioVersion = 17.5.33516.290
MinimumVisualStudioVersion = 10.0.40219.1
Project("{FAE04EC0-301F-11D3-BF4B-00C04F79EFBC}") = "ProjectManagement", "ProjectManagement\ProjectManagement.csproj", "{77830CF6-264E-4F60-AAEA-7EE859368755}"
EndProject
Global
	GlobalSection(SolutionConfigurationPlatforms) = preSolution
		Debug|Any CPU = Debug|Any CPU
		Release|Any CPU = Release|Any CPU
	EndGlobalSection
	GlobalSection(ProjectConfigurationPlatforms) = postSolution
		{77830CF6-264E-4F60-AAEA-7EE859368755}.Debug|Any CPU.ActiveCfg = Debug|Any CPU
		{77830CF6-264E-4F60-AAEA-7EE859368755}.Debug|Any CPU.Build.0 = Debug|Any CPU
		{77830CF6-264E-4F60-AAEA-7EE859368755}.Release|Any CPU.ActiveCfg = Release|Any CPU
		{77830CF6-264E-4F60-AAEA-7EE859368755}.Release|Any CPU.Build.0 = Release|Any CPU
	EndGlobalSection
	GlobalSection(SolutionProperties) = preSolution
		HideSolutionNode = FALSE
	EndGlobalSection
	GlobalSection(ExtensibilityGlobals) = postSolution
		SolutionGuid = {142E2578-F4A6-405A-8F91-0AE725CA64EA}
	EndGlobalSection
EndGlobal
